
Microsoft Visual Studio Solution File, Format Version 12.00
Project("{2150E333-8FDC-42A3-9474-1A3956D46DE8}") = "Shared", "Shared", "{BC455870-4DDE-4F11-B68F-64B1D179787B}"
EndProject
Project("{FAE04EC0-301F-11D3-BF4B-00C04F79EFBC}") = "Shared.Api", "Shared.Api\Shared.Api.csproj", "{68E988B8-FF71-451D-BFF5-66C232836459}"
EndProject
Project("{FAE04EC0-301F-11D3-BF4B-00C04F79EFBC}") = "Shared.Domain", "Shared.Domain\Shared.Domain.csproj", "{16308A23-B351-4D3C-8C2B-07B241A6D8AD}"
EndProject
Project("{FAE04EC0-301F-11D3-BF4B-00C04F79EFBC}") = "Shared.Database", "Shared.Database\Shared.Database.csproj", "{2A742FE2-8D7C-40CD-8D0A-8C30C3248D6A}"
EndProject
Project("{FAE04EC0-301F-11D3-BF4B-00C04F79EFBC}") = "Api", "Api\Api.csproj", "{CD12D77D-1C53-44D6-B5D3-AA2E3E4E2A9D}"
EndProject
Project("{FAE04EC0-301F-11D3-BF4B-00C04F79EFBC}") = "Domain", "Domain\Domain.csproj", "{E424037D-E51D-420F-B05F-C821370BD755}"
EndProject
Project("{FAE04EC0-301F-11D3-BF4B-00C04F79EFBC}") = "Database", "Database\Database.csproj", "{B0BD43C1-695B-4864-A928-B053403C6A7B}"
EndProject
Project("{2150E333-8FDC-42A3-9474-1A3956D46DE8}") = "Tests", "Tests", "{A8B03CF6-8901-4DFE-AB4F-CA3F63D11074}"
EndProject
Project("{FAE04EC0-301F-11D3-BF4B-00C04F79EFBC}") = "Domain.Tests", "Domain.Tests\Domain.Tests.csproj", "{71C861C1-65B3-49DA-A9C2-BFBF44E9C3B9}"
EndProject
Global
	GlobalSection(SolutionConfigurationPlatforms) = preSolution
		Debug|Any CPU = Debug|Any CPU
		Release|Any CPU = Release|Any CPU
	EndGlobalSection
	GlobalSection(NestedProjects) = preSolution
		{68E988B8-FF71-451D-BFF5-66C232836459} = {BC455870-4DDE-4F11-B68F-64B1D179787B}
		{16308A23-B351-4D3C-8C2B-07B241A6D8AD} = {BC455870-4DDE-4F11-B68F-64B1D179787B}
		{2A742FE2-8D7C-40CD-8D0A-8C30C3248D6A} = {BC455870-4DDE-4F11-B68F-64B1D179787B}
		{71C861C1-65B3-49DA-A9C2-BFBF44E9C3B9} = {A8B03CF6-8901-4DFE-AB4F-CA3F63D11074}
	EndGlobalSection
	GlobalSection(ProjectConfigurationPlatforms) = postSolution
		{68E988B8-FF71-451D-BFF5-66C232836459}.Debug|Any CPU.ActiveCfg = Debug|Any CPU
		{68E988B8-FF71-451D-BFF5-66C232836459}.Debug|Any CPU.Build.0 = Debug|Any CPU
		{68E988B8-FF71-451D-BFF5-66C232836459}.Release|Any CPU.ActiveCfg = Release|Any CPU
		{68E988B8-FF71-451D-BFF5-66C232836459}.Release|Any CPU.Build.0 = Release|Any CPU
		{16308A23-B351-4D3C-8C2B-07B241A6D8AD}.Debug|Any CPU.ActiveCfg = Debug|Any CPU
		{16308A23-B351-4D3C-8C2B-07B241A6D8AD}.Debug|Any CPU.Build.0 = Debug|Any CPU
		{16308A23-B351-4D3C-8C2B-07B241A6D8AD}.Release|Any CPU.ActiveCfg = Release|Any CPU
		{16308A23-B351-4D3C-8C2B-07B241A6D8AD}.Release|Any CPU.Build.0 = Release|Any CPU
		{2A742FE2-8D7C-40CD-8D0A-8C30C3248D6A}.Debug|Any CPU.ActiveCfg = Debug|Any CPU
		{2A742FE2-8D7C-40CD-8D0A-8C30C3248D6A}.Debug|Any CPU.Build.0 = Debug|Any CPU
		{2A742FE2-8D7C-40CD-8D0A-8C30C3248D6A}.Release|Any CPU.ActiveCfg = Release|Any CPU
		{2A742FE2-8D7C-40CD-8D0A-8C30C3248D6A}.Release|Any CPU.Build.0 = Release|Any CPU
		{CD12D77D-1C53-44D6-B5D3-AA2E3E4E2A9D}.Debug|Any CPU.ActiveCfg = Debug|Any CPU
		{CD12D77D-1C53-44D6-B5D3-AA2E3E4E2A9D}.Debug|Any CPU.Build.0 = Debug|Any CPU
		{CD12D77D-1C53-44D6-B5D3-AA2E3E4E2A9D}.Release|Any CPU.ActiveCfg = Release|Any CPU
		{CD12D77D-1C53-44D6-B5D3-AA2E3E4E2A9D}.Release|Any CPU.Build.0 = Release|Any CPU
		{E424037D-E51D-420F-B05F-C821370BD755}.Debug|Any CPU.ActiveCfg = Debug|Any CPU
		{E424037D-E51D-420F-B05F-C821370BD755}.Debug|Any CPU.Build.0 = Debug|Any CPU
		{E424037D-E51D-420F-B05F-C821370BD755}.Release|Any CPU.ActiveCfg = Release|Any CPU
		{E424037D-E51D-420F-B05F-C821370BD755}.Release|Any CPU.Build.0 = Release|Any CPU
		{B0BD43C1-695B-4864-A928-B053403C6A7B}.Debug|Any CPU.ActiveCfg = Debug|Any CPU
		{B0BD43C1-695B-4864-A928-B053403C6A7B}.Debug|Any CPU.Build.0 = Debug|Any CPU
		{B0BD43C1-695B-4864-A928-B053403C6A7B}.Release|Any CPU.ActiveCfg = Release|Any CPU
		{B0BD43C1-695B-4864-A928-B053403C6A7B}.Release|Any CPU.Build.0 = Release|Any CPU
		{71C861C1-65B3-49DA-A9C2-BFBF44E9C3B9}.Debug|Any CPU.ActiveCfg = Debug|Any CPU
		{71C861C1-65B3-49DA-A9C2-BFBF44E9C3B9}.Debug|Any CPU.Build.0 = Debug|Any CPU
		{71C861C1-65B3-49DA-A9C2-BFBF44E9C3B9}.Release|Any CPU.ActiveCfg = Release|Any CPU
		{71C861C1-65B3-49DA-A9C2-BFBF44E9C3B9}.Release|Any CPU.Build.0 = Release|Any CPU
	EndGlobalSection
EndGlobal
